{
  "lockfileVersion": 1,
  "configVersion": 1,
  "workspaces": {
    "": {
      "name": "struct-legibility",
      "dependencies": {
        "@yowainwright/tqs": "github:yowainwright/tqs#a587f389ca08f9f739c7e0bc1f17bd02ad730dec",
      },
      "devDependencies": {
        "typescript": "6.0.3",
      },
    },
  },
  "packages": {
    "@yowainwright/tqs": ["@yowainwright/tqs@github:yowainwright/tqs#a587f38", { "bin": { "tqs": "./dist/cli/index.js" } }, "yowainwright-tqs-a587f38"],

    "typescript": ["typescript@6.0.3", "", { "bin": { "tsc": "bin/tsc", "tsserver": "bin/tsserver" } }, "sha512-y2TvuxSZPDyQakkFRPZHKFm+KKVqIisdg9/CZwm9ftvKXLP8NRWj38/ODjNbr43SsoXqNuAisEf1GdCxqWcdBw=="],
  }
}
